
Microsoft Visual Studio Solution File, Format Version 12.00
# Visual Studio Version 17
VisualStudioVersion = 17.11.35312.102
MinimumVisualStudioVersion = 10.0.40219.1
Project("{FAE04EC0-301F-11D3-BF4B-00C04F79EFBC}") = "Bepinex Preload Patch", "Bepinex Preload Patch\Bepinex Preload Patch.csproj", "{7A5924A1-AD86-4643-B301-B2E128FB855E}"
EndProject
Global
	GlobalSection(SolutionConfigurationPlatforms) = preSolution
		Debug|Any CPU = Debug|Any CPU
		Release|Any CPU = Release|Any CPU
	EndGlobalSection
	GlobalSection(ProjectConfigurationPlatforms) = postSolution
		{7A5924A1-AD86-4643-B301-B2E128FB855E}.Debug|Any CPU.ActiveCfg = Debug|Any CPU
		{7A5924A1-AD86-4643-B301-B2E128FB855E}.Debug|Any CPU.Build.0 = Debug|Any CPU
		{7A5924A1-AD86-4643-B301-B2E128FB855E}.Release|Any CPU.ActiveCfg = Release|Any CPU
		{7A5924A1-AD86-4643-B301-B2E128FB855E}.Release|Any CPU.Build.0 = Release|Any CPU
	EndGlobalSection
	GlobalSection(SolutionProperties) = preSolution
		HideSolutionNode = FALSE
	EndGlobalSection
	GlobalSection(ExtensibilityGlobals) = postSolution
		SolutionGuid = {F96C79BC-01D9-4A8D-BBE4-12AE206EC072}
	EndGlobalSection
EndGlobal
